// !$*UTF8*$!
{
	archiveVersion = 1;
	classes = {
	};
	objectVersion = 48;
	objects = {

/* Begin PBXBuildFile section */
		24C9D9796A64BA2FFE8621A5 /* Pods_Todoey.framework in Frameworks */ = {isa = PBXBuildFile; fileRef = C71CAE7753C44C831843E6B6 /* Pods_Todoey.framework */; };
		43E8A1AB1FF26C2700BBF954 /* AppDelegate.swift in Sources */ = {isa = PBXBuildFile; fileRef = 43E8A1AA1FF26C2700BBF954 /* AppDelegate.swift */; };
		43E8A1AD1FF26C2700BBF954 /* ToDoListViewController.swift in Sources */ = {isa = PBXBuildFile; fileRef = 43E8A1AC1FF26C2700BBF954 /* ToDoListViewController.swift */; };
		43E8A1B01FF26C2700BBF954 /* Main.storyboard in Resources */ = {isa = PBXBuildFile; fileRef = 43E8A1AE1FF26C2700BBF954 /* Main.storyboard */; };
		43E8A1B21FF26C2700BBF954 /* Assets.xcassets in Resources */ = {isa = PBXBuildFile; fileRef = 43E8A1B11FF26C2700BBF954 /* Assets.xcassets */; };
		43E8A1B51FF26C2700BBF954 /* LaunchScreen.storyboard in Resources */ = {isa = PBXBuildFile; fileRef = 43E8A1B31FF26C2700BBF954 /* LaunchScreen.storyboard */; };
		43E8A1C41FF2D89600BBF954 /* DataModel.xcdatamodeld in Sources */ = {isa = PBXBuildFile; fileRef = 43E8A1C21FF2D89600BBF954 /* DataModel.xcdatamodeld */; };
		43ED44F51FF83B0B00EF946E /* CategoryViewController.swift in Sources */ = {isa = PBXBuildFile; fileRef = 43ED44F41FF83B0B00EF946E /* CategoryViewController.swift */; };
/* End PBXBuildFile section */

/* Begin PBXFileReference section */
		1B3A1BCA3DB56A1E0DFCF47D /* Pods-Todoey.debug.xcconfig */ = {isa = PBXFileReference; includeInIndex = 1; lastKnownFileType = text.xcconfig; name = "Pods-Todoey.debug.xcconfig"; path = "Pods/Target Support Files/Pods-Todoey/Pods-Todoey.debug.xcconfig"; sourceTree = "<group>"; };
		43E8A1A71FF26C2700BBF954 /* Todoey.app */ = {isa = PBXFileReference; explicitFileType = wrapper.application; includeInIndex = 0; path = Todoey.app; sourceTree = BUILT_PRODUCTS_DIR; };
		43E8A1AA1FF26C2700BBF954 /* AppDelegate.swift */ = {isa = PBXFileReference; lastKnownFileType = sourcecode.swift; path = AppDelegate.swift; sourceTree = "<group>"; };
		43E8A1AC1FF26C2700BBF954 /* ToDoListViewController.swift */ = {isa = PBXFileReference; lastKnownFileType = sourcecode.swift; path = ToDoListViewController.swift; sourceTree = "<group>"; };
		43E8A1AF1FF26C2700BBF954 /* Base */ = {isa = PBXFileReference; lastKnownFileType = file.storyboard; name = Base; path = Base.lproj/Main.storyboard; sourceTree = "<group>"; };
		43E8A1B11FF26C2700BBF954 /* Assets.xcassets */ = {isa = PBXFileReference; lastKnownFileType = folder.assetcatalog; path = Assets.xcassets; sourceTree = "<group>"; };
		43E8A1B41FF26C2700BBF954 /* Base */ = {isa = PBXFileReference; lastKnownFileType = file.storyboard; name = Base; path = Base.lproj/LaunchScreen.storyboard; sourceTree = "<group>"; };
		43E8A1B61FF26C2700BBF954 /* Info.plist */ = {isa = PBXFileReference; lastKnownFileType = text.plist.xml; path = Info.plist; sourceTree = "<group>"; };
		43E8A1C31FF2D89600BBF954 /* DataModel.xcdatamodel */ = {isa = PBXFileReference; lastKnownFileType = wrapper.xcdatamodel; path = DataModel.xcdatamodel; sourceTree = "<group>"; };
		43ED44F41FF83B0B00EF946E /* CategoryViewController.swift */ = {isa = PBXFileReference; lastKnownFileType = sourcecode.swift; path = CategoryViewController.swift; sourceTree = "<group>"; };
		9A923FD3F35CE5EBA48DD005 /* Pods-Todoey.release.xcconfig */ = {isa = PBXFileReference; includeInIndex = 1; lastKnownFileType = text.xcconfig; name = "Pods-Todoey.release.xcconfig"; path = "Pods/Target Support Files/Pods-Todoey/Pods-Todoey.release.xcconfig"; sourceTree = "<group>"; };
		C71CAE7753C44C831843E6B6 /* Pods_Todoey.framework */ = {isa = PBXFileReference; explicitFileType = wrapper.framework; includeInIndex = 0; path = Pods_Todoey.framework; sourceTree = BUILT_PRODUCTS_DIR; };
/* End PBXFileReference section */

/* Begin PBXFrameworksBuildPhase section */
		43E8A1A41FF26C2700BBF954 /* Frameworks */ = {
			isa = PBXFrameworksBuildPhase;
			buildActionMask = 2147483647;
			files = (
				24C9D9796A64BA2FFE8621A5 /* Pods_Todoey.framework in Frameworks */,
			);
			runOnlyForDeploymentPostprocessing = 0;
		};
/* End PBXFrameworksBuildPhase section */

/* Begin PBXGroup section */
		43E8A19E1FF26C2700BBF954 = {
			isa = PBXGroup;
			children = (
				43E8A1A91FF26C2700BBF954 /* Todoey */,
				43E8A1A81FF26C2700BBF954 /* Products */,
				834925426F3404CE02F9875D /* Pods */,
				E8486CCE1A7FF132B2B58BA0 /* Frameworks */,
			);
			sourceTree = "<group>";
		};
		43E8A1A81FF26C2700BBF954 /* Products */ = {
			isa = PBXGroup;
			children = (
				43E8A1A71FF26C2700BBF954 /* Todoey.app */,
			);
			name = Products;
			sourceTree = "<group>";
		};
		43E8A1A91FF26C2700BBF954 /* Todoey */ = {
			isa = PBXGroup;
			children = (
				43E8A1AA1FF26C2700BBF954 /* AppDelegate.swift */,
				43E8A1C01FF28E3600BBF954 /* Controllers */,
				43E8A1BE1FF28E0C00BBF954 /* Data Model */,
				43E8A1BF1FF28E2E00BBF954 /* Views */,
				43E8A1C11FF28E4F00BBF954 /* Supporting Files */,
				43E8A1B61FF26C2700BBF954 /* Info.plist */,
			);
			path = Todoey;
			sourceTree = "<group>";
		};
		43E8A1BE1FF28E0C00BBF954 /* Data Model */ = {
			isa = PBXGroup;
			children = (
				43E8A1C21FF2D89600BBF954 /* DataModel.xcdatamodeld */,
			);
			path = "Data Model";
			sourceTree = "<group>";
		};
		43E8A1BF1FF28E2E00BBF954 /* Views */ = {
			isa = PBXGroup;
			children = (
				43E8A1AE1FF26C2700BBF954 /* Main.storyboard */,
			);
			path = Views;
			sourceTree = "<group>";
		};
		43E8A1C01FF28E3600BBF954 /* Controllers */ = {
			isa = PBXGroup;
			children = (
				43E8A1AC1FF26C2700BBF954 /* ToDoListViewController.swift */,
				43ED44F41FF83B0B00EF946E /* CategoryViewController.swift */,
			);
			path = Controllers;
			sourceTree = "<group>";
		};
		43E8A1C11FF28E4F00BBF954 /* Supporting Files */ = {
			isa = PBXGroup;
			children = (
				43E8A1B11FF26C2700BBF954 /* Assets.xcassets */,
				43E8A1B31FF26C2700BBF954 /* LaunchScreen.storyboard */,
			);
			path = "Supporting Files";
			sourceTree = "<group>";
		};
		834925426F3404CE02F9875D /* Pods */ = {
			isa = PBXGroup;
			children = (
				1B3A1BCA3DB56A1E0DFCF47D /* Pods-Todoey.debug.xcconfig */,
				9A923FD3F35CE5EBA48DD005 /* Pods-Todoey.release.xcconfig */,
			);
			name = Pods;
			sourceTree = "<group>";
		};
		E8486CCE1A7FF132B2B58BA0 /* Frameworks */ = {
			isa = PBXGroup;
			children = (
				C71CAE7753C44C831843E6B6 /* Pods_Todoey.framework */,
			);
			name = Frameworks;
			sourceTree = "<group>";
		};
/* End PBXGroup section */

/* Begin PBXNativeTarget section */
		43E8A1A61FF26C2700BBF954 /* Todoey */ = {
			isa = PBXNativeTarget;
			buildConfigurationList = 43E8A1B91FF26C2700BBF954 /* Build configuration list for PBXNativeTarget "Todoey" */;
			buildPhases = (
				619151871A0452C3784CAA6A /* [CP] Check Pods Manifest.lock */,
				43E8A1A31FF26C2700BBF954 /* Sources */,
				43E8A1A41FF26C2700BBF954 /* Frameworks */,
				43E8A1A51FF26C2700BBF954 /* Resources */,
				518563D636E4EBA6B094C311 /* [CP] Embed Pods Frameworks */,
				E4D450813E3BA1032A3398BA /* [CP] Copy Pods Resources */,
			);
			buildRules = (
			);
			dependencies = (
			);
			name = Todoey;
			productName = Todoey;
			productReference = 43E8A1A71FF26C2700BBF954 /* Todoey.app */;
			productType = "com.apple.product-type.application";
		};
/* End PBXNativeTarget section */

/* Begin PBXProject section */
		43E8A19F1FF26C2700BBF954 /* Project object */ = {
			isa = PBXProject;
			attributes = {
				LastSwiftUpdateCheck = 0920;
				LastUpgradeCheck = 0920;
				ORGANIZATIONNAME = "Sorin Stanculeanu";
				TargetAttributes = {
					43E8A1A61FF26C2700BBF954 = {
						CreatedOnToolsVersion = 9.2;
						ProvisioningStyle = Automatic;
					};
				};
			};
			buildConfigurationList = 43E8A1A21FF26C2700BBF954 /* Build configuration list for PBXProject "Todoey" */;
			compatibilityVersion = "Xcode 8.0";
			developmentRegion = en;
			hasScannedForEncodings = 0;
			knownRegions = (
				en,
				Base,
			);
			mainGroup = 43E8A19E1FF26C2700BBF954;
			productRefGroup = 43E8A1A81FF26C2700BBF954 /* Products */;
			projectDirPath = "";
			projectRoot = "";
			targets = (
				43E8A1A61FF26C2700BBF954 /* Todoey */,
			);
		};
/* End PBXProject section */

/* Begin PBXResourcesBuildPhase section */
		43E8A1A51FF26C2700BBF954 /* Resources */ = {
			isa = PBXResourcesBuildPhase;
			buildActionMask = 2147483647;
			files = (
				43E8A1B51FF26C2700BBF954 /* LaunchScreen.storyboard in Resources */,
				43E8A1B21FF26C2700BBF954 /* Assets.xcassets in Resources */,
				43E8A1B01FF26C2700BBF954 /* Main.storyboard in Resources */,
			);
			runOnlyForDeploymentPostprocessing = 0;
		};
/* End PBXResourcesBuildPhase section */

/* Begin PBXShellScriptBuildPhase section */
		518563D636E4EBA6B094C311 /* [CP] Embed Pods Frameworks */ = {
			isa = PBXShellScriptBuildPhase;
			buildActionMask = 2147483647;
			files = (
			);
			inputPaths = (
				"${SRCROOT}/Pods/Target Support Files/Pods-Todoey/Pods-Todoey-frameworks.sh",
				"${BUILT_PRODUCTS_DIR}/Realm/Realm.framework",
				"${BUILT_PRODUCTS_DIR}/RealmSwift/RealmSwift.framework",
			);
			name = "[CP] Embed Pods Frameworks";
			outputPaths = (
				"${TARGET_BUILD_DIR}/${FRAMEWORKS_FOLDER_PATH}/Realm.framework",
				"${TARGET_BUILD_DIR}/${FRAMEWORKS_FOLDER_PATH}/RealmSwift.framework",
			);
			runOnlyForDeploymentPostprocessing = 0;
			shellPath = /bin/sh;
			shellScript = "\"${SRCROOT}/Pods/Target Support Files/Pods-Todoey/Pods-Todoey-frameworks.sh\"\n";
			showEnvVarsInLog = 0;
		};
		619151871A0452C3784CAA6A /* [CP] Check Pods Manifest.lock */ = {
			isa = PBXShellScriptBuildPhase;
			buildActionMask = 2147483647;
			files = (
			);
			inputPaths = (
				"${PODS_PODFILE_DIR_PATH}/Podfile.lock",
				"${PODS_ROOT}/Manifest.lock",
			);
			name = "[CP] Check Pods Manifest.lock";
			outputPaths = (
				"$(DERIVED_FILE_DIR)/Pods-Todoey-checkManifestLockResult.txt",
			);
			runOnlyForDeploymentPostprocessing = 0;
			shellPath = /bin/sh;
			shellScript = "diff \"${PODS_PODFILE_DIR_PATH}/Podfile.lock\" \"${PODS_ROOT}/Manifest.lock\" > /dev/null\nif [ $? != 0 ] ; then\n    # print error to STDERR\n    echo \"error: The sandbox is not in sync with the Podfile.lock. Run 'pod install' or update your CocoaPods installation.\" >&2\n    exit 1\nfi\n# This output is used by Xcode 'outputs' to avoid re-running this script phase.\necho \"SUCCESS\" > \"${SCRIPT_OUTPUT_FILE_0}\"\n";
			showEnvVarsInLog = 0;
		};
		E4D450813E3BA1032A3398BA /* [CP] Copy Pods Resources */ = {
			isa = PBXShellScriptBuildPhase;
			buildActionMask = 2147483647;
			files = (
			);
			inputPaths = (
			);
			name = "[CP] Copy Pods Resources";
			outputPaths = (
			);
			runOnlyForDeploymentPostprocessing = 0;
			shellPath = /bin/sh;
			shellScript = "\"${SRCROOT}/Pods/Target Support Files/Pods-Todoey/Pods-Todoey-resources.sh\"\n";
			showEnvVarsInLog = 0;
		};
/* End PBXShellScriptBuildPhase section */

/* Begin PBXSourcesBuildPhase section */
		43E8A1A31FF26C2700BBF954 /* Sources */ = {
			isa = PBXSourcesBuildPhase;
			buildActionMask = 2147483647;
			files = (
				43ED44F51FF83B0B00EF946E /* CategoryViewController.swift in Sources */,
				43E8A1AD1FF26C2700BBF954 /* ToDoListViewController.swift in Sources */,
				43E8A1C41FF2D89600BBF954 /* DataModel.xcdatamodeld in Sources */,
				43E8A1AB1FF26C2700BBF954 /* AppDelegate.swift in Sources */,
			);
			runOnlyForDeploymentPostprocessing = 0;
		};
/* End PBXSourcesBuildPhase section */

/* Begin PBXVariantGroup section */
		43E8A1AE1FF26C2700BBF954 /* Main.storyboard */ = {
			isa = PBXVariantGroup;
			children = (
				43E8A1AF1FF26C2700BBF954 /* Base */,
			);
			name = Main.storyboard;
			sourceTree = "<group>";
		};
		43E8A1B31FF26C2700BBF954 /* LaunchScreen.storyboard */ = {
			isa = PBXVariantGroup;
			children = (
				43E8A1B41FF26C2700BBF954 /* Base */,
			);
			name = LaunchScreen.storyboard;
			sourceTree = "<group>";
		};
/* End PBXVariantGroup section */

/* Begin XCBuildConfiguration section */
		43E8A1B71FF26C2700BBF954 /* Debug */ = {
			isa = XCBuildConfiguration;
			buildSettings = {
				ALWAYS_SEARCH_USER_PATHS = NO;
				CLANG_ANALYZER_NONNULL = YES;
				CLANG_ANALYZER_NUMBER_OBJECT_CONVERSION = YES_AGGRESSIVE;
				CLANG_CXX_LANGUAGE_STANDARD = "gnu++14";
				CLANG_CXX_LIBRARY = "libc++";
				CLANG_ENABLE_MODULES = YES;
				CLANG_ENABLE_OBJC_ARC = YES;
				CLANG_WARN_BLOCK_CAPTURE_AUTORELEASING = YES;
				CLANG_WARN_BOOL_CONVERSION = YES;
				CLANG_WARN_COMMA = YES;
				CLANG_WARN_CONSTANT_CONVERSION = YES;
				CLANG_WARN_DIRECT_OBJC_ISA_USAGE = YES_ERROR;
				CLANG_WARN_DOCUMENTATION_COMMENTS = YES;
				CLANG_WARN_EMPTY_BODY = YES;
				CLANG_WARN_ENUM_CONVERSION = YES;
				CLANG_WARN_INFINITE_RECURSION = YES;
				CLANG_WARN_INT_CONVERSION = YES;
				CLANG_WARN_NON_LITERAL_NULL_CONVERSION = YES;
				CLANG_WARN_OBJC_LITERAL_CONVERSION = YES;
				CLANG_WARN_OBJC_ROOT_CLASS = YES_ERROR;
				CLANG_WARN_RANGE_LOOP_ANALYSIS = YES;
				CLANG_WARN_STRICT_PROTOTYPES = YES;
				CLANG_WARN_SUSPICIOUS_MOVE = YES;
				CLANG_WARN_UNGUARDED_AVAILABILITY = YES_AGGRESSIVE;
				CLANG_WARN_UNREACHABLE_CODE = YES;
				CLANG_WARN__DUPLICATE_METHOD_MATCH = YES;
				CODE_SIGN_IDENTITY = "iPhone Developer";
				COPY_PHASE_STRIP = NO;
				DEBUG_INFORMATION_FORMAT = dwarf;
				ENABLE_STRICT_OBJC_MSGSEND = YES;
				ENABLE_TESTABILITY = YES;
				GCC_C_LANGUAGE_STANDARD = gnu11;
				GCC_DYNAMIC_NO_PIC = NO;
				GCC_NO_COMMON_BLOCKS = YES;
				GCC_OPTIMIZATION_LEVEL = 0;
				GCC_PREPROCESSOR_DEFINITIONS = (
					"DEBUG=1",
					"$(inherited)",
				);
				GCC_WARN_64_TO_32_BIT_CONVERSION = YES;
				GCC_WARN_ABOUT_RETURN_TYPE = YES_ERROR;
				GCC_WARN_UNDECLARED_SELECTOR = YES;
				GCC_WARN_UNINITIALIZED_AUTOS = YES_AGGRESSIVE;
				GCC_WARN_UNUSED_FUNCTION = YES;
				GCC_WARN_UNUSED_VARIABLE = YES;
				IPHONEOS_DEPLOYMENT_TARGET = 11.2;
				MTL_ENABLE_DEBUG_INFO = YES;
				ONLY_ACTIVE_ARCH = YES;
				SDKROOT = iphoneos;
				SWIFT_ACTIVE_COMPILATION_CONDITIONS = DEBUG;
				SWIFT_OPTIMIZATION_LEVEL = "-Onone";
			};
			name = Debug;
		};
		43E8A1B81FF26C2700BBF954 /* Release */ = {
			isa = XCBuildConfiguration;
			buildSettings = {
				ALWAYS_SEARCH_USER_PATHS = NO;
				CLANG_ANALYZER_NONNULL = YES;
				CLANG_ANALYZER_NUMBER_OBJECT_CONVERSION = YES_AGGRESSIVE;
				CLANG_CXX_LANGUAGE_STANDARD = "gnu++14";
				CLANG_CXX_LIBRARY = "libc++";
				CLANG_ENABLE_MODULES = YES;
				CLANG_ENABLE_OBJC_ARC = YES;
				CLANG_WARN_BLOCK_CAPTURE_AUTORELEASING = YES;
				CLANG_WARN_BOOL_CONVERSION = YES;
				CLANG_WARN_COMMA = YES;
				CLANG_WARN_CONSTANT_CONVERSION = YES;
				CLANG_WARN_DIRECT_OBJC_ISA_USAGE = YES_ERROR;
				CLANG_WARN_DOCUMENTATION_COMMENTS = YES;
				CLANG_WARN_EMPTY_BODY = YES;
				CLANG_WARN_ENUM_CONVERSION = YES;
				CLANG_WARN_INFINITE_RECURSION = YES;
				CLANG_WARN_INT_CONVERSION = YES;
				CLANG_WARN_NON_LITERAL_NULL_CONVERSION = YES;
				CLANG_WARN_OBJC_LITERAL_CONVERSION = YES;
				CLANG_WARN_OBJC_ROOT_CLASS = YES_ERROR;
				CLANG_WARN_RANGE_LOOP_ANALYSIS = YES;
				CLANG_WARN_STRICT_PROTOTYPES = YES;
				CLANG_WARN_SUSPICIOUS_MOVE = YES;
				CLANG_WARN_UNGUARDED_AVAILABILITY = YES_AGGRESSIVE;
				CLANG_WARN_UNREACHABLE_CODE = YES;
				CLANG_WARN__DUPLICATE_METHOD_MATCH = YES;
				CODE_SIGN_IDENTITY = "iPhone Developer";
				COPY_PHASE_STRIP = NO;
				DEBUG_INFORMATION_FORMAT = "dwarf-with-dsym";
				ENABLE_NS_ASSERTIONS = NO;
				ENABLE_STRICT_OBJC_MSGSEND = YES;
				GCC_C_LANGUAGE_STANDARD = gnu11;
				GCC_NO_COMMON_BLOCKS = YES;
				GCC_WARN_64_TO_32_BIT_CONVERSION = YES;
				GCC_WARN_ABOUT_RETURN_TYPE = YES_ERROR;
				GCC_WARN_UNDECLARED_SELECTOR = YES;
				GCC_WARN_UNINITIALIZED_AUTOS = YES_AGGRESSIVE;
				GCC_WARN_UNUSED_FUNCTION = YES;
				GCC_WARN_UNUSED_VARIABLE = YES;
				IPHONEOS_DEPLOYMENT_TARGET = 11.2;
				MTL_ENABLE_DEBUG_INFO = NO;
				SDKROOT = iphoneos;
				SWIFT_OPTIMIZATION_LEVEL = "-Owholemodule";
				VALIDATE_PRODUCT = YES;
			};
			name = Release;
		};
		43E8A1BA1FF26C2700BBF954 /* Debug */ = {
			isa = XCBuildConfiguration;
			baseConfigurationReference = 1B3A1BCA3DB56A1E0DFCF47D /* Pods-Todoey.debug.xcconfig */;
			buildSettings = {
				ASSETCATALOG_COMPILER_APPICON_NAME = AppIcon;
				CODE_SIGN_STYLE = Automatic;
				INFOPLIST_FILE = Todoey/Info.plist;
				LD_RUNPATH_SEARCH_PATHS = "$(inherited) @executable_path/Frameworks";
				PRODUCT_BUNDLE_IDENTIFIER = com.sorins.Todoey;
				PRODUCT_NAME = "$(TARGET_NAME)";
				SWIFT_VERSION = 4.0;
				TARGETED_DEVICE_FAMILY = "1,2";
			};
			name = Debug;
		};
		43E8A1BB1FF26C2700BBF954 /* Release */ = {
			isa = XCBuildConfiguration;
			baseConfigurationReference = 9A923FD3F35CE5EBA48DD005 /* Pods-Todoey.release.xcconfig */;
			buildSettings = {
				ASSETCATALOG_COMPILER_APPICON_NAME = AppIcon;
				CODE_SIGN_STYLE = Automatic;
				INFOPLIST_FILE = Todoey/Info.plist;
				LD_RUNPATH_SEARCH_PATHS = "$(inherited) @executable_path/Frameworks";
				PRODUCT_BUNDLE_IDENTIFIER = com.sorins.Todoey;
				PRODUCT_NAME = "$(TARGET_NAME)";
				SWIFT_VERSION = 4.0;
				TARGETED_DEVICE_FAMILY = "1,2";
			};
			name = Release;
		};
/* End XCBuildConfiguration section */

/* Begin XCConfigurationList section */
		43E8A1A21FF26C2700BBF954 /* Build configuration list for PBXProject "Todoey" */ = {
			isa = XCConfigurationList;
			buildConfigurations = (
				43E8A1B71FF26C2700BBF954 /* Debug */,
				43E8A1B81FF26C2700BBF954 /* Release */,
			);
			defaultConfigurationIsVisible = 0;
			defaultConfigurationName = Release;
		};
		43E8A1B91FF26C2700BBF954 /* Build configuration list for PBXNativeTarget "Todoey" */ = {
			isa = XCConfigurationList;
			buildConfigurations = (
				43E8A1BA1FF26C2700BBF954 /* Debug */,
				43E8A1BB1FF26C2700BBF954 /* Release */,
			);
			defaultConfigurationIsVisible = 0;
			defaultConfigurationName = Release;
		};
/* End XCConfigurationList section */

/* Begin XCVersionGroup section */
		43E8A1C21FF2D89600BBF954 /* DataModel.xcdatamodeld */ = {
			isa = XCVersionGroup;
			children = (
				43E8A1C31FF2D89600BBF954 /* DataModel.xcdatamodel */,
			);
			currentVersion = 43E8A1C31FF2D89600BBF954 /* DataModel.xcdatamodel */;
			path = DataModel.xcdatamodeld;
			sourceTree = "<group>";
			versionGroupType = wrapper.xcdatamodel;
		};
/* End XCVersionGroup section */
	};
	rootObject = 43E8A19F1FF26C2700BBF954 /* Project object */;
}
